// !$*UTF8*$!
{
	archiveVersion = 1;
	classes = {
	};
	objectVersion = 50;
	objects = {

/* Begin PBXBuildFile section */
		904DD37426C62264006C017B /* AppDelegate.swift in Sources */ = {isa = PBXBuildFile; fileRef = 904DD37326C62264006C017B /* AppDelegate.swift */; };
		904DD37626C62264006C017B /* SceneDelegate.swift in Sources */ = {isa = PBXBuildFile; fileRef = 904DD37526C62264006C017B /* SceneDelegate.swift */; };
		904DD37826C62264006C017B /* ViewController.swift in Sources */ = {isa = PBXBuildFile; fileRef = 904DD37726C62264006C017B /* ViewController.swift */; };
		904DD37B26C62264006C017B /* Main.storyboard in Resources */ = {isa = PBXBuildFile; fileRef = 904DD37926C62264006C017B /* Main.storyboard */; };
		904DD37E26C62264006C017B /* test6.xcdatamodeld in Sources */ = {isa = PBXBuildFile; fileRef = 904DD37C26C62264006C017B /* test6.xcdatamodeld */; };
		904DD38026C62267006C017B /* Assets.xcassets in Resources */ = {isa = PBXBuildFile; fileRef = 904DD37F26C62267006C017B /* Assets.xcassets */; };
		904DD38326C62267006C017B /* LaunchScreen.storyboard in Resources */ = {isa = PBXBuildFile; fileRef = 904DD38126C62267006C017B /* LaunchScreen.storyboard */; };
		904DD38E26C62267006C017B /* test6Tests.swift in Sources */ = {isa = PBXBuildFile; fileRef = 904DD38D26C62267006C017B /* test6Tests.swift */; };
		904DD39926C62267006C017B /* test6UITests.swift in Sources */ = {isa = PBXBuildFile; fileRef = 904DD39826C62267006C017B /* test6UITests.swift */; };
/* End PBXBuildFile section */

/* Begin PBXContainerItemProxy section */
		904DD38A26C62267006C017B /* PBXContainerItemProxy */ = {
			isa = PBXContainerItemProxy;
			containerPortal = 904DD36826C62264006C017B /* Project object */;
			proxyType = 1;
			remoteGlobalIDString = 904DD36F26C62264006C017B;
			remoteInfo = test6;
		};
		904DD39526C62267006C017B /* PBXContainerItemProxy */ = {
			isa = PBXContainerItemProxy;
			containerPortal = 904DD36826C62264006C017B /* Project object */;
			proxyType = 1;
			remoteGlobalIDString = 904DD36F26C62264006C017B;
			remoteInfo = test6;
		};
/* End PBXContainerItemProxy section */

/* Begin PBXFileReference section */
		904DD37026C62264006C017B /* test6.app */ = {isa = PBXFileReference; explicitFileType = wrapper.application; includeInIndex = 0; path = test6.app; sourceTree = BUILT_PRODUCTS_DIR; };
		904DD37326C62264006C017B /* AppDelegate.swift */ = {isa = PBXFileReference; lastKnownFileType = sourcecode.swift; path = AppDelegate.swift; sourceTree = "<group>"; };
		904DD37526C62264006C017B /* SceneDelegate.swift */ = {isa = PBXFileReference; lastKnownFileType = sourcecode.swift; path = SceneDelegate.swift; sourceTree = "<group>"; };
		904DD37726C62264006C017B /* ViewController.swift */ = {isa = PBXFileReference; lastKnownFileType = sourcecode.swift; path = ViewController.swift; sourceTree = "<group>"; };
		904DD37A26C62264006C017B /* Base */ = {isa = PBXFileReference; lastKnownFileType = file.storyboard; name = Base; path = Base.lproj/Main.storyboard; sourceTree = "<group>"; };
		904DD37D26C62264006C017B /* test6.xcdatamodel */ = {isa = PBXFileReference; lastKnownFileType = wrapper.xcdatamodel; path = test6.xcdatamodel; sourceTree = "<group>"; };
		904DD37F26C62267006C017B /* Assets.xcassets */ = {isa = PBXFileReference; lastKnownFileType = folder.assetcatalog; path = Assets.xcassets; sourceTree = "<group>"; };
		904DD38226C62267006C017B /* Base */ = {isa = PBXFileReference; lastKnownFileType = file.storyboard; name = Base; path = Base.lproj/LaunchScreen.storyboard; sourceTree = "<group>"; };
		904DD38426C62267006C017B /* Info.plist */ = {isa = PBXFileReference; lastKnownFileType = text.plist.xml; path = Info.plist; sourceTree = "<group>"; };
		904DD38926C62267006C017B /* test6Tests.xctest */ = {isa = PBXFileReference; explicitFileType = wrapper.cfbundle; includeInIndex = 0; path = test6Tests.xctest; sourceTree = BUILT_PRODUCTS_DIR; };
		904DD38D26C62267006C017B /* test6Tests.swift */ = {isa = PBXFileReference; lastKnownFileType = sourcecode.swift; path = test6Tests.swift; sourceTree = "<group>"; };
		904DD38F26C62267006C017B /* Info.plist */ = {isa = PBXFileReference; lastKnownFileType = text.plist.xml; path = Info.plist; sourceTree = "<group>"; };
		904DD39426C62267006C017B /* test6UITests.xctest */ = {isa = PBXFileReference; explicitFileType = wrapper.cfbundle; includeInIndex = 0; path = test6UITests.xctest; sourceTree = BUILT_PRODUCTS_DIR; };
		904DD39826C62267006C017B /* test6UITests.swift */ = {isa = PBXFileReference; lastKnownFileType = sourcecode.swift; path = test6UITests.swift; sourceTree = "<group>"; };
		904DD39A26C62267006C017B /* Info.plist */ = {isa = PBXFileReference; lastKnownFileType = text.plist.xml; path = Info.plist; sourceTree = "<group>"; };
/* End PBXFileReference section */

/* Begin PBXFrameworksBuildPhase section */
		904DD36D26C62264006C017B /* Frameworks */ = {
			isa = PBXFrameworksBuildPhase;
			buildActionMask = 2147483647;
			files = (
			);
			runOnlyForDeploymentPostprocessing = 0;
		};
		904DD38626C62267006C017B /* Frameworks */ = {
			isa = PBXFrameworksBuildPhase;
			buildActionMask = 2147483647;
			files = (
			);
			runOnlyForDeploymentPostprocessing = 0;
		};
		904DD39126C62267006C017B /* Frameworks */ = {
			isa = PBXFrameworksBuildPhase;
			buildActionMask = 2147483647;
			files = (
			);
			runOnlyForDeploymentPostprocessing = 0;
		};
/* End PBXFrameworksBuildPhase section */

/* Begin PBXGroup section */
		904DD36726C62264006C017B = {
			isa = PBXGroup;
			children = (
				904DD37226C62264006C017B /* test6 */,
				904DD38C26C62267006C017B /* test6Tests */,
				904DD39726C62267006C017B /* test6UITests */,
				904DD37126C62264006C017B /* Products */,
			);
			sourceTree = "<group>";
		};
		904DD37126C62264006C017B /* Products */ = {
			isa = PBXGroup;
			children = (
				904DD37026C62264006C017B /* test6.app */,
				904DD38926C62267006C017B /* test6Tests.xctest */,
				904DD39426C62267006C017B /* test6UITests.xctest */,
			);
			name = Products;
			sourceTree = "<group>";
		};
		904DD37226C62264006C017B /* test6 */ = {
			isa = PBXGroup;
			children = (
				904DD37326C62264006C017B /* AppDelegate.swift */,
				904DD37526C62264006C017B /* SceneDelegate.swift */,
				904DD37726C62264006C017B /* ViewController.swift */,
				904DD37926C62264006C017B /* Main.storyboard */,
				904DD37F26C62267006C017B /* Assets.xcassets */,
				904DD38126C62267006C017B /* LaunchScreen.storyboard */,
				904DD38426C62267006C017B /* Info.plist */,
				904DD37C26C62264006C017B /* test6.xcdatamodeld */,
			);
			path = test6;
			sourceTree = "<group>";
		};
		904DD38C26C62267006C017B /* test6Tests */ = {
			isa = PBXGroup;
			children = (
				904DD38D26C62267006C017B /* test6Tests.swift */,
				904DD38F26C62267006C017B /* Info.plist */,
			);
			path = test6Tests;
			sourceTree = "<group>";
		};
		904DD39726C62267006C017B /* test6UITests */ = {
			isa = PBXGroup;
			children = (
				904DD39826C62267006C017B /* test6UITests.swift */,
				904DD39A26C62267006C017B /* Info.plist */,
			);
			path = test6UITests;
			sourceTree = "<group>";
		};
/* End PBXGroup section */

/* Begin PBXNativeTarget section */
		904DD36F26C62264006C017B /* test6 */ = {
			isa = PBXNativeTarget;
			buildConfigurationList = 904DD39D26C62267006C017B /* Build configuration list for PBXNativeTarget "test6" */;
			buildPhases = (
				904DD36C26C62264006C017B /* Sources */,
				904DD36D26C62264006C017B /* Frameworks */,
				904DD36E26C62264006C017B /* Resources */,
			);
			buildRules = (
			);
			dependencies = (
			);
			name = test6;
			productName = test6;
			productReference = 904DD37026C62264006C017B /* test6.app */;
			productType = "com.apple.product-type.application";
		};
		904DD38826C62267006C017B /* test6Tests */ = {
			isa = PBXNativeTarget;
			buildConfigurationList = 904DD3A026C62267006C017B /* Build configuration list for PBXNativeTarget "test6Tests" */;
			buildPhases = (
				904DD38526C62267006C017B /* Sources */,
				904DD38626C62267006C017B /* Frameworks */,
				904DD38726C62267006C017B /* Resources */,
			);
			buildRules = (
			);
			dependencies = (
				904DD38B26C62267006C017B /* PBXTargetDependency */,
			);
			name = test6Tests;
			productName = test6Tests;
			productReference = 904DD38926C62267006C017B /* test6Tests.xctest */;
			productType = "com.apple.product-type.bundle.unit-test";
		};
		904DD39326C62267006C017B /* test6UITests */ = {
			isa = PBXNativeTarget;
			buildConfigurationList = 904DD3A326C62267006C017B /* Build configuration list for PBXNativeTarget "test6UITests" */;
			buildPhases = (
				904DD39026C62267006C017B /* Sources */,
				904DD39126C62267006C017B /* Frameworks */,
				904DD39226C62267006C017B /* Resources */,
			);
			buildRules = (
			);
			dependencies = (
				904DD39626C62267006C017B /* PBXTargetDependency */,
			);
			name = test6UITests;
			productName = test6UITests;
			productReference = 904DD39426C62267006C017B /* test6UITests.xctest */;
			productType = "com.apple.product-type.bundle.ui-testing";
		};
/* End PBXNativeTarget section */

/* Begin PBXProject section */
		904DD36826C62264006C017B /* Project object */ = {
			isa = PBXProject;
			attributes = {
				LastSwiftUpdateCheck = 1250;
				LastUpgradeCheck = 1250;
				TargetAttributes = {
					904DD36F26C62264006C017B = {
						CreatedOnToolsVersion = 12.5;
					};
					904DD38826C62267006C017B = {
						CreatedOnToolsVersion = 12.5;
						TestTargetID = 904DD36F26C62264006C017B;
					};
					904DD39326C62267006C017B = {
						CreatedOnToolsVersion = 12.5;
						TestTargetID = 904DD36F26C62264006C017B;
					};
				};
			};
			buildConfigurationList = 904DD36B26C62264006C017B /* Build configuration list for PBXProject "test6" */;
			compatibilityVersion = "Xcode 9.3";
			developmentRegion = en;
			hasScannedForEncodings = 0;
			knownRegions = (
				en,
				Base,
			);
			mainGroup = 904DD36726C62264006C017B;
			productRefGroup = 904DD37126C62264006C017B /* Products */;
			projectDirPath = "";
			projectRoot = "";
			targets = (
				904DD36F26C62264006C017B /* test6 */,
				904DD38826C62267006C017B /* test6Tests */,
				904DD39326C62267006C017B /* test6UITests */,
			);
		};
/* End PBXProject section */

/* Begin PBXResourcesBuildPhase section */
		904DD36E26C62264006C017B /* Resources */ = {
			isa = PBXResourcesBuildPhase;
			buildActionMask = 2147483647;
			files = (
				904DD38326C62267006C017B /* LaunchScreen.storyboard in Resources */,
				904DD38026C62267006C017B /* Assets.xcassets in Resources */,
				904DD37B26C62264006C017B /* Main.storyboard in Resources */,
			);
			runOnlyForDeploymentPostprocessing = 0;
		};
		904DD38726C62267006C017B /* Resources */ = {
			isa = PBXResourcesBuildPhase;
			buildActionMask = 2147483647;
			files = (
			);
			runOnlyForDeploymentPostprocessing = 0;
		};
		904DD39226C62267006C017B /* Resources */ = {
			isa = PBXResourcesBuildPhase;
			buildActionMask = 2147483647;
			files = (
			);
			runOnlyForDeploymentPostprocessing = 0;
		};
/* End PBXResourcesBuildPhase section */

/* Begin PBXSourcesBuildPhase section */
		904DD36C26C62264006C017B /* Sources */ = {
			isa = PBXSourcesBuildPhase;
			buildActionMask = 2147483647;
			files = (
				904DD37E26C62264006C017B /* test6.xcdatamodeld in Sources */,
				904DD37826C62264006C017B /* ViewController.swift in Sources */,
				904DD37426C62264006C017B /* AppDelegate.swift in Sources */,
				904DD37626C62264006C017B /* SceneDelegate.swift in Sources */,
			);
			runOnlyForDeploymentPostprocessing = 0;
		};
		904DD38526C62267006C017B /* Sources */ = {
			isa = PBXSourcesBuildPhase;
			buildActionMask = 2147483647;
			files = (
				904DD38E26C62267006C017B /* test6Tests.swift in Sources */,
			);
			runOnlyForDeploymentPostprocessing = 0;
		};
		904DD39026C62267006C017B /* Sources */ = {
			isa = PBXSourcesBuildPhase;
			buildActionMask = 2147483647;
			files = (
				904DD39926C62267006C017B /* test6UITests.swift in Sources */,
			);
			runOnlyForDeploymentPostprocessing = 0;
		};
/* End PBXSourcesBuildPhase section */

/* Begin PBXTargetDependency section */
		904DD38B26C62267006C017B /* PBXTargetDependency */ = {
			isa = PBXTargetDependency;
			target = 904DD36F26C62264006C017B /* test6 */;
			targetProxy = 904DD38A26C62267006C017B /* PBXContainerItemProxy */;
		};
		904DD39626C62267006C017B /* PBXTargetDependency */ = {
			isa = PBXTargetDependency;
			target = 904DD36F26C62264006C017B /* test6 */;
			targetProxy = 904DD39526C62267006C017B /* PBXContainerItemProxy */;
		};
/* End PBXTargetDependency section */

/* Begin PBXVariantGroup section */
		904DD37926C62264006C017B /* Main.storyboard */ = {
			isa = PBXVariantGroup;
			children = (
				904DD37A26C62264006C017B /* Base */,
			);
			name = Main.storyboard;
			sourceTree = "<group>";
		};
		904DD38126C62267006C017B /* LaunchScreen.storyboard */ = {
			isa = PBXVariantGroup;
			children = (
				904DD38226C62267006C017B /* Base */,
			);
			name = LaunchScreen.storyboard;
			sourceTree = "<group>";
		};
/* End PBXVariantGroup section */

/* Begin XCBuildConfiguration section */
		904DD39B26C62267006C017B /* Debug */ = {
			isa = XCBuildConfiguration;
			buildSettings = {
				ALWAYS_SEARCH_USER_PATHS = NO;
				CLANG_ANALYZER_NONNULL = YES;
				CLANG_ANALYZER_NUMBER_OBJECT_CONVERSION = YES_AGGRESSIVE;
				CLANG_CXX_LANGUAGE_STANDARD = "gnu++14";
				CLANG_CXX_LIBRARY = "libc++";
				CLANG_ENABLE_MODULES = YES;
				CLANG_ENABLE_OBJC_ARC = YES;
				CLANG_ENABLE_OBJC_WEAK = YES;
				CLANG_WARN_BLOCK_CAPTURE_AUTORELEASING = YES;
				CLANG_WARN_BOOL_CONVERSION = YES;
				CLANG_WARN_COMMA = YES;
				CLANG_WARN_CONSTANT_CONVERSION = YES;
				CLANG_WARN_DEPRECATED_OBJC_IMPLEMENTATIONS = YES;
				CLANG_WARN_DIRECT_OBJC_ISA_USAGE = YES_ERROR;
				CLANG_WARN_DOCUMENTATION_COMMENTS = YES;
				CLANG_WARN_EMPTY_BODY = YES;
				CLANG_WARN_ENUM_CONVERSION = YES;
				CLANG_WARN_INFINITE_RECURSION = YES;
				CLANG_WARN_INT_CONVERSION = YES;
				CLANG_WARN_NON_LITERAL_NULL_CONVERSION = YES;
				CLANG_WARN_OBJC_IMPLICIT_RETAIN_SELF = YES;
				CLANG_WARN_OBJC_LITERAL_CONVERSION = YES;
				CLANG_WARN_OBJC_ROOT_CLASS = YES_ERROR;
				CLANG_WARN_QUOTED_INCLUDE_IN_FRAMEWORK_HEADER = YES;
				CLANG_WARN_RANGE_LOOP_ANALYSIS = YES;
				CLANG_WARN_STRICT_PROTOTYPES = YES;
				CLANG_WARN_SUSPICIOUS_MOVE = YES;
				CLANG_WARN_UNGUARDED_AVAILABILITY = YES_AGGRESSIVE;
				CLANG_WARN_UNREACHABLE_CODE = YES;
				CLANG_WARN__DUPLICATE_METHOD_MATCH = YES;
				COPY_PHASE_STRIP = NO;
				DEBUG_INFORMATION_FORMAT = dwarf;
				ENABLE_STRICT_OBJC_MSGSEND = YES;
				ENABLE_TESTABILITY = YES;
				GCC_C_LANGUAGE_STANDARD = gnu11;
				GCC_DYNAMIC_NO_PIC = NO;
				GCC_NO_COMMON_BLOCKS = YES;
				GCC_OPTIMIZATION_LEVEL = 0;
				GCC_PREPROCESSOR_DEFINITIONS = (
					"DEBUG=1",
					"$(inherited)",
				);
				GCC_WARN_64_TO_32_BIT_CONVERSION = YES;
				GCC_WARN_ABOUT_RETURN_TYPE = YES_ERROR;
				GCC_WARN_UNDECLARED_SELECTOR = YES;
				GCC_WARN_UNINITIALIZED_AUTOS = YES_AGGRESSIVE;
				GCC_WARN_UNUSED_FUNCTION = YES;
				GCC_WARN_UNUSED_VARIABLE = YES;
				IPHONEOS_DEPLOYMENT_TARGET = 14.5;
				MTL_ENABLE_DEBUG_INFO = INCLUDE_SOURCE;
				MTL_FAST_MATH = YES;
				ONLY_ACTIVE_ARCH = YES;
				SDKROOT = iphoneos;
				SWIFT_ACTIVE_COMPILATION_CONDITIONS = DEBUG;
				SWIFT_OPTIMIZATION_LEVEL = "-Onone";
			};
			name = Debug;
		};
		904DD39C26C62267006C017B /* Release */ = {
			isa = XCBuildConfiguration;
			buildSettings = {
				ALWAYS_SEARCH_USER_PATHS = NO;
				CLANG_ANALYZER_NONNULL = YES;
				CLANG_ANALYZER_NUMBER_OBJECT_CONVERSION = YES_AGGRESSIVE;
				CLANG_CXX_LANGUAGE_STANDARD = "gnu++14";
				CLANG_CXX_LIBRARY = "libc++";
				CLANG_ENABLE_MODULES = YES;
				CLANG_ENABLE_OBJC_ARC = YES;
				CLANG_ENABLE_OBJC_WEAK = YES;
				CLANG_WARN_BLOCK_CAPTURE_AUTORELEASING = YES;
				CLANG_WARN_BOOL_CONVERSION = YES;
				CLANG_WARN_COMMA = YES;
				CLANG_WARN_CONSTANT_CONVERSION = YES;
				CLANG_WARN_DEPRECATED_OBJC_IMPLEMENTATIONS = YES;
				CLANG_WARN_DIRECT_OBJC_ISA_USAGE = YES_ERROR;
				CLANG_WARN_DOCUMENTATION_COMMENTS = YES;
				CLANG_WARN_EMPTY_BODY = YES;
				CLANG_WARN_ENUM_CONVERSION = YES;
				CLANG_WARN_INFINITE_RECURSION = YES;
				CLANG_WARN_INT_CONVERSION = YES;
				CLANG_WARN_NON_LITERAL_NULL_CONVERSION = YES;
				CLANG_WARN_OBJC_IMPLICIT_RETAIN_SELF = YES;
				CLANG_WARN_OBJC_LITERAL_CONVERSION = YES;
				CLANG_WARN_OBJC_ROOT_CLASS = YES_ERROR;
				CLANG_WARN_QUOTED_INCLUDE_IN_FRAMEWORK_HEADER = YES;
				CLANG_WARN_RANGE_LOOP_ANALYSIS = YES;
				CLANG_WARN_STRICT_PROTOTYPES = YES;
				CLANG_WARN_SUSPICIOUS_MOVE = YES;
				CLANG_WARN_UNGUARDED_AVAILABILITY = YES_AGGRESSIVE;
				CLANG_WARN_UNREACHABLE_CODE = YES;
				CLANG_WARN__DUPLICATE_METHOD_MATCH = YES;
				COPY_PHASE_STRIP = NO;
				DEBUG_INFORMATION_FORMAT = "dwarf-with-dsym";
				ENABLE_NS_ASSERTIONS = NO;
				ENABLE_STRICT_OBJC_MSGSEND = YES;
				GCC_C_LANGUAGE_STANDARD = gnu11;
				GCC_NO_COMMON_BLOCKS = YES;
				GCC_WARN_64_TO_32_BIT_CONVERSION = YES;
				GCC_WARN_ABOUT_RETURN_TYPE = YES_ERROR;
				GCC_WARN_UNDECLARED_SELECTOR = YES;
				GCC_WARN_UNINITIALIZED_AUTOS = YES_AGGRESSIVE;
				GCC_WARN_UNUSED_FUNCTION = YES;
				GCC_WARN_UNUSED_VARIABLE = YES;
				IPHONEOS_DEPLOYMENT_TARGET = 14.5;
				MTL_ENABLE_DEBUG_INFO = NO;
				MTL_FAST_MATH = YES;
				SDKROOT = iphoneos;
				SWIFT_COMPILATION_MODE = wholemodule;
				SWIFT_OPTIMIZATION_LEVEL = "-O";
				VALIDATE_PRODUCT = YES;
			};
			name = Release;
		};
		904DD39E26C62267006C017B /* Debug */ = {
			isa = XCBuildConfiguration;
			buildSettings = {
				ASSETCATALOG_COMPILER_APPICON_NAME = AppIcon;
				ASSETCATALOG_COMPILER_GLOBAL_ACCENT_COLOR_NAME = AccentColor;
				CODE_SIGN_STYLE = Automatic;
				INFOPLIST_FILE = test6/Info.plist;
				LD_RUNPATH_SEARCH_PATHS = (
					"$(inherited)",
					"@executable_path/Frameworks",
				);
				PRODUCT_BUNDLE_IDENTIFIER = com.rm.test6;
				PRODUCT_NAME = "$(TARGET_NAME)";
				SWIFT_VERSION = 5.0;
				TARGETED_DEVICE_FAMILY = "1,2";
			};
			name = Debug;
		};
		904DD39F26C62267006C017B /* Release */ = {
			isa = XCBuildConfiguration;
			buildSettings = {
				ASSETCATALOG_COMPILER_APPICON_NAME = AppIcon;
				ASSETCATALOG_COMPILER_GLOBAL_ACCENT_COLOR_NAME = AccentColor;
				CODE_SIGN_STYLE = Automatic;
				INFOPLIST_FILE = test6/Info.plist;
				LD_RUNPATH_SEARCH_PATHS = (
					"$(inherited)",
					"@executable_path/Frameworks",
				);
				PRODUCT_BUNDLE_IDENTIFIER = com.rm.test6;
				PRODUCT_NAME = "$(TARGET_NAME)";
				SWIFT_VERSION = 5.0;
				TARGETED_DEVICE_FAMILY = "1,2";
			};
			name = Release;
		};
		904DD3A126C62267006C017B /* Debug */ = {
			isa = XCBuildConfiguration;
			buildSettings = {
				ALWAYS_EMBED_SWIFT_STANDARD_LIBRARIES = YES;
				BUNDLE_LOADER = "$(TEST_HOST)";
				CODE_SIGN_STYLE = Automatic;
				INFOPLIST_FILE = test6Tests/Info.plist;
				IPHONEOS_DEPLOYMENT_TARGET = 14.5;
				LD_RUNPATH_SEARCH_PATHS = (
					"$(inherited)",
					"@executable_path/Frameworks",
					"@loader_path/Frameworks",
				);
				PRODUCT_BUNDLE_IDENTIFIER = com.rm.test6Tests;
				PRODUCT_NAME = "$(TARGET_NAME)";
				SWIFT_VERSION = 5.0;
				TARGETED_DEVICE_FAMILY = "1,2";
				TEST_HOST = "$(BUILT_PRODUCTS_DIR)/test6.app/test6";
			};
			name = Debug;
		};
		904DD3A226C62267006C017B /* Release */ = {
			isa = XCBuildConfiguration;
			buildSettings = {
				ALWAYS_EMBED_SWIFT_STANDARD_LIBRARIES = YES;
				BUNDLE_LOADER = "$(TEST_HOST)";
				CODE_SIGN_STYLE = Automatic;
				INFOPLIST_FILE = test6Tests/Info.plist;
				IPHONEOS_DEPLOYMENT_TARGET = 14.5;
				LD_RUNPATH_SEARCH_PATHS = (
					"$(inherited)",
					"@executable_path/Frameworks",
					"@loader_path/Frameworks",
				);
				PRODUCT_BUNDLE_IDENTIFIER = com.rm.test6Tests;
				PRODUCT_NAME = "$(TARGET_NAME)";
				SWIFT_VERSION = 5.0;
				TARGETED_DEVICE_FAMILY = "1,2";
				TEST_HOST = "$(BUILT_PRODUCTS_DIR)/test6.app/test6";
			};
			name = Release;
		};
		904DD3A426C62267006C017B /* Debug */ = {
			isa = XCBuildConfiguration;
			buildSettings = {
				ALWAYS_EMBED_SWIFT_STANDARD_LIBRARIES = YES;
				CODE_SIGN_STYLE = Automatic;
				INFOPLIST_FILE = test6UITests/Info.plist;
				LD_RUNPATH_SEARCH_PATHS = (
					"$(inherited)",
					"@executable_path/Frameworks",
					"@loader_path/Frameworks",
				);
				PRODUCT_BUNDLE_IDENTIFIER = com.rm.test6UITests;
				PRODUCT_NAME = "$(TARGET_NAME)";
				SWIFT_VERSION = 5.0;
				TARGETED_DEVICE_FAMILY = "1,2";
				TEST_TARGET_NAME = test6;
			};
			name = Debug;
		};
		904DD3A526C62267006C017B /* Release */ = {
			isa = XCBuildConfiguration;
			buildSettings = {
				ALWAYS_EMBED_SWIFT_STANDARD_LIBRARIES = YES;
				CODE_SIGN_STYLE = Automatic;
				INFOPLIST_FILE = test6UITests/Info.plist;
				LD_RUNPATH_SEARCH_PATHS = (
					"$(inherited)",
					"@executable_path/Frameworks",
					"@loader_path/Frameworks",
				);
				PRODUCT_BUNDLE_IDENTIFIER = com.rm.test6UITests;
				PRODUCT_NAME = "$(TARGET_NAME)";
				SWIFT_VERSION = 5.0;
				TARGETED_DEVICE_FAMILY = "1,2";
				TEST_TARGET_NAME = test6;
			};
			name = Release;
		};
/* End XCBuildConfiguration section */

/* Begin XCConfigurationList section */
		904DD36B26C62264006C017B /* Build configuration list for PBXProject "test6" */ = {
			isa = XCConfigurationList;
			buildConfigurations = (
				904DD39B26C62267006C017B /* Debug */,
				904DD39C26C62267006C017B /* Release */,
			);
			defaultConfigurationIsVisible = 0;
			defaultConfigurationName = Release;
		};
		904DD39D26C62267006C017B /* Build configuration list for PBXNativeTarget "test6" */ = {
			isa = XCConfigurationList;
			buildConfigurations = (
				904DD39E26C62267006C017B /* Debug */,
				904DD39F26C62267006C017B /* Release */,
			);
			defaultConfigurationIsVisible = 0;
			defaultConfigurationName = Release;
		};
		904DD3A026C62267006C017B /* Build configuration list for PBXNativeTarget "test6Tests" */ = {
			isa = XCConfigurationList;
			buildConfigurations = (
				904DD3A126C62267006C017B /* Debug */,
				904DD3A226C62267006C017B /* Release */,
			);
			defaultConfigurationIsVisible = 0;
			defaultConfigurationName = Release;
		};
		904DD3A326C62267006C017B /* Build configuration list for PBXNativeTarget "test6UITests" */ = {
			isa = XCConfigurationList;
			buildConfigurations = (
				904DD3A426C62267006C017B /* Debug */,
				904DD3A526C62267006C017B /* Release */,
			);
			defaultConfigurationIsVisible = 0;
			defaultConfigurationName = Release;
		};
/* End XCConfigurationList section */

/* Begin XCVersionGroup section */
		904DD37C26C62264006C017B /* test6.xcdatamodeld */ = {
			isa = XCVersionGroup;
			children = (
				904DD37D26C62264006C017B /* test6.xcdatamodel */,
			);
			currentVersion = 904DD37D26C62264006C017B /* test6.xcdatamodel */;
			path = test6.xcdatamodeld;
			sourceTree = "<group>";
			versionGroupType = wrapper.xcdatamodel;
		};
/* End XCVersionGroup section */
	};
	rootObject = 904DD36826C62264006C017B /* Project object */;
}
